
Microsoft Visual Studio Solution File, Format Version 12.00
# Visual Studio Version 17
VisualStudioVersion = 17.3.32929.385
MinimumVisualStudioVersion = 10.0.40219.1
Project("{FAE04EC0-301F-11D3-BF4B-00C04F79EFBC}") = "OnlineBank", "OnlineBank\OnlineBank.csproj", "{C26F8B5D-CF76-4683-B8F2-B25064404FD0}"
EndProject
Global
	GlobalSection(SolutionConfigurationPlatforms) = preSolution
		Debug|Any CPU = Debug|Any CPU
		Release|Any CPU = Release|Any CPU
	EndGlobalSection
	GlobalSection(ProjectConfigurationPlatforms) = postSolution
		{C26F8B5D-CF76-4683-B8F2-B25064404FD0}.Debug|Any CPU.ActiveCfg = Debug|Any CPU
		{C26F8B5D-CF76-4683-B8F2-B25064404FD0}.Debug|Any CPU.Build.0 = Debug|Any CPU
		{C26F8B5D-CF76-4683-B8F2-B25064404FD0}.Release|Any CPU.ActiveCfg = Release|Any CPU
		{C26F8B5D-CF76-4683-B8F2-B25064404FD0}.Release|Any CPU.Build.0 = Release|Any CPU
	EndGlobalSection
	GlobalSection(SolutionProperties) = preSolution
		HideSolutionNode = FALSE
	EndGlobalSection
	GlobalSection(ExtensibilityGlobals) = postSolution
		SolutionGuid = {A4FB040E-39E6-4399-B2DB-955B8E019381}
	EndGlobalSection
EndGlobal
